<?xml version="1.0" encoding="utf-8"?>
<Project ToolsVersion="18.0" xmlns="http://schemas.microsoft.com/developer/msbuild/2003">
  <ItemGroup>
    <ClCompile Include="D:\raynorpat\cgc\atom.c">
      <Filter>Source Files</Filter>
    </ClCompile>
    <ClCompile Include="D:\raynorpat\cgc\glsl_ir.c">
      <Filter>Source Files</Filter>
    </ClCompile>
    <ClCompile Include="D:\raynorpat\cgc\glsl_hal.c">
      <Filter>Source Files</Filter>
    </ClCompile>
    <ClCompile Include="D:\raynorpat\cgc\glslv_hal.c">
      <Filter>Source Files</Filter>
    </ClCompile>
    <ClCompile Include="D:\raynorpat\cgc\glslf_hal.c">
      <Filter>Source Files</Filter>
    </ClCompile>
    <ClCompile Include="D:\raynorpat\cgc\memory.c">
      <Filter>Source Files</Filter>
    </ClCompile>
    <ClCompile Include="D:\raynorpat\cgc\tests\glsl_semantics_test.c">
      <Filter>Source Files</Filter>
    </ClCompile>
  </ItemGroup>
  <ItemGroup>
    <CustomBuild Include="D:\raynorpat\cgc\tests\CMakeLists.txt" />
  </ItemGroup>
  <ItemGroup>
    <Filter Include="Source Files">
      <UniqueIdentifier>{5E6556A8-6E82-3D64-8E8F-D90F5D2F35E9}</UniqueIdentifier>
    </Filter>
  </ItemGroup>
</Project>
