<?xml version="1.0" encoding="utf-8"?>
<Project ToolsVersion="18.0" xmlns="http://schemas.microsoft.com/developer/msbuild/2003">
  <ItemGroup>
    <CustomBuild Include="D:\raynorpat\cgc\build-win32\CMakeFiles\b80f8366c7b78c45727cc8f712733cd9\RUN_TESTS_force.rule">
      <Filter>CMake Rules</Filter>
    </CustomBuild>
  </ItemGroup>
  <ItemGroup>
    <Filter Include="CMake Rules">
      <UniqueIdentifier>{0626BF6F-6873-31F2-A479-2126545C2F81}</UniqueIdentifier>
    </Filter>
  </ItemGroup>
</Project>
