<?xml version="1.0" encoding="utf-8"?>
<Project ToolsVersion="18.0" xmlns="http://schemas.microsoft.com/developer/msbuild/2003">
  <ItemGroup>
    <ClCompile Include="D:\raynorpat\cgc\atom.c">
      <Filter>Source Files</Filter>
    </ClCompile>
    <ClCompile Include="D:\raynorpat\cgc\binding.c">
      <Filter>Source Files</Filter>
    </ClCompile>
    <ClCompile Include="D:\raynorpat\cgc\cgcmain.c">
      <Filter>Source Files</Filter>
    </ClCompile>
    <ClCompile Include="D:\raynorpat\cgc\cgstruct.c">
      <Filter>Source Files</Filter>
    </ClCompile>
    <ClCompile Include="D:\raynorpat\cgc\check.c">
      <Filter>Source Files</Filter>
    </ClCompile>
    <ClCompile Include="D:\raynorpat\cgc\compile.c">
      <Filter>Source Files</Filter>
    </ClCompile>
    <ClCompile Include="D:\raynorpat\cgc\constfold.c">
      <Filter>Source Files</Filter>
    </ClCompile>
    <ClCompile Include="D:\raynorpat\cgc\cpp.c">
      <Filter>Source Files</Filter>
    </ClCompile>
    <ClCompile Include="D:\raynorpat\cgc\generic_hal.c">
      <Filter>Source Files</Filter>
    </ClCompile>
    <ClCompile Include="D:\raynorpat\cgc\glsl_ir.c">
      <Filter>Source Files</Filter>
    </ClCompile>
    <ClCompile Include="D:\raynorpat\cgc\glsl_lower.c">
      <Filter>Source Files</Filter>
    </ClCompile>
    <ClCompile Include="D:\raynorpat\cgc\glsl_codegen.c">
      <Filter>Source Files</Filter>
    </ClCompile>
    <ClCompile Include="D:\raynorpat\cgc\glsl_hal.c">
      <Filter>Source Files</Filter>
    </ClCompile>
    <ClCompile Include="D:\raynorpat\cgc\glslv_hal.c">
      <Filter>Source Files</Filter>
    </ClCompile>
    <ClCompile Include="D:\raynorpat\cgc\glslf_hal.c">
      <Filter>Source Files</Filter>
    </ClCompile>
    <ClCompile Include="D:\raynorpat\cgc\hal.c">
      <Filter>Source Files</Filter>
    </ClCompile>
    <ClCompile Include="D:\raynorpat\cgc\inline.c">
      <Filter>Source Files</Filter>
    </ClCompile>
    <ClCompile Include="D:\raynorpat\cgc\memory.c">
      <Filter>Source Files</Filter>
    </ClCompile>
    <ClCompile Include="D:\raynorpat\cgc\parser.c">
      <Filter>Source Files</Filter>
    </ClCompile>
    <ClCompile Include="D:\raynorpat\cgc\printutils.c">
      <Filter>Source Files</Filter>
    </ClCompile>
    <ClCompile Include="D:\raynorpat\cgc\scanner.c">
      <Filter>Source Files</Filter>
    </ClCompile>
    <ClCompile Include="D:\raynorpat\cgc\semantic.c">
      <Filter>Source Files</Filter>
    </ClCompile>
    <ClCompile Include="D:\raynorpat\cgc\stdlib.c">
      <Filter>Source Files</Filter>
    </ClCompile>
    <ClCompile Include="D:\raynorpat\cgc\support.c">
      <Filter>Source Files</Filter>
    </ClCompile>
    <ClCompile Include="D:\raynorpat\cgc\support_iter.c">
      <Filter>Source Files</Filter>
    </ClCompile>
    <ClCompile Include="D:\raynorpat\cgc\symbols.c">
      <Filter>Source Files</Filter>
    </ClCompile>
    <ClCompile Include="D:\raynorpat\cgc\tokens.c">
      <Filter>Source Files</Filter>
    </ClCompile>
  </ItemGroup>
  <ItemGroup>
    <CustomBuild Include="D:\raynorpat\cgc\CMakeLists.txt" />
  </ItemGroup>
  <ItemGroup>
    <Filter Include="Source Files">
      <UniqueIdentifier>{5E6556A8-6E82-3D64-8E8F-D90F5D2F35E9}</UniqueIdentifier>
    </Filter>
  </ItemGroup>
</Project>
